{
    "_readme": [
        "This file locks the dependencies of your project to a known state",
        "Read more about it at https://getcomposer.org/doc/01-basic-usage.md#composer-lock-the-lock-file",
        "This file is @generated automatically"
    ],
    "hash": "61ab4fda3b31475fc28d79db6ee4465c",
    "content-hash": "4d5fc6e27c3729a6b8d343bf5a9f83b7",
    "packages": [
        {
            "name": "ostico/phporient",
            "version": "v1.2.3",
            "source": {
                "type": "git",
                "url": "https://github.com/Ostico/PhpOrient.git",
                "reference": "c06f0cc16d0fc1cf4fb1b7bb3a97ac45cc72cd25"
            },
            "dist": {
                "type": "zip",
                "url": "https://api.github.com/repos/Ostico/PhpOrient/zipball/c06f0cc16d0fc1cf4fb1b7bb3a97ac45cc72cd25",
                "reference": "c06f0cc16d0fc1cf4fb1b7bb3a97ac45cc72cd25",
                "shasum": ""
            },
            "require": {
                "php": ">=5.4.0",
                "psr/log": "~1.0"
            },
            "require-dev": {
                "monolog/monolog": "1.11.*",
                "ostico/phpdoc-md": "dev-master",
                "phpdocumentor/phpdocumentor": "dev-master",
                "phpdocumentor/template-zend": "1.3.0",
                "phpunit/phpunit": "4.4",
                "satooshi/php-coveralls": "dev-master"
            },
            "type": "library",
            "autoload": {
                "psr-4": {
                    "PhpOrient\\": "src/PhpOrient"
                }
            },
            "notification-url": "https://packagist.org/downloads/",
            "license": [
                "Apache License v2.0"
            ],
            "authors": [
                {
                    "name": "Domenico Lupinetti",
                    "email": "ostico@gmail.com",
                    "homepage": "https://www.linkedin.com/in/domenicolupinetti",
                    "role": "Owner, Developer"
                }
            ],
            "description": "PHPOrient is a good php driver based on the binary protocol of OrientDB.",
            "homepage": "https://github.com/Ostico/PhpOrient",
            "keywords": [
                "orient db",
                "orientdb",
                "orientechnologies"
            ],
            "time": "2015-11-09 00:41:27"
        },
        {
            "name": "psr/log",
            "version": "dev-master",
            "source": {
                "type": "git",
                "url": "https://github.com/php-fig/log.git",
                "reference": "d8e60a5619fff77f9669da8997697443ef1a1d7e"
            },
            "dist": {
                "type": "zip",
                "url": "https://api.github.com/repos/php-fig/log/zipball/d8e60a5619fff77f9669da8997697443ef1a1d7e",
                "reference": "d8e60a5619fff77f9669da8997697443ef1a1d7e",
                "shasum": ""
            },
            "require": {
                "php": ">=5.3.0"
            },
            "type": "library",
            "extra": {
                "branch-alias": {
                    "dev-master": "1.0.x-dev"
                }
            },
            "autoload": {
                "psr-4": {
                    "Psr\\Log\\": "Psr/Log/"
                }
            },
            "notification-url": "https://packagist.org/downloads/",
            "license": [
                "MIT"
            ],
            "authors": [
                {
                    "name": "PHP-FIG",
                    "homepage": "http://www.php-fig.org/"
                }
            ],
            "description": "Common interface for logging libraries",
            "homepage": "https://github.com/php-fig/log",
            "keywords": [
                "log",
                "psr",
                "psr-3"
            ],
            "time": "2016-01-06 21:40:42"
        }
    ],
    "packages-dev": [],
    "aliases": [],
    "minimum-stability": "dev",
    "stability-flags": [],
    "prefer-stable": false,
    "prefer-lowest": false,
    "platform": [],
    "platform-dev": []
}
